
Microsoft Visual Studio Solution File, Format Version 12.00
# Visual Studio Version 17
VisualStudioVersion = 17.5.33530.505
MinimumVisualStudioVersion = 10.0.40219.1
Project("{FAE04EC0-301F-11D3-BF4B-00C04F79EFBC}") = "IdentityManager", "IdentityManager\IdentityManager.csproj", "{1D51B755-3900-477E-9A6A-BC73B70515F0}"
EndProject
Global
	GlobalSection(SolutionConfigurationPlatforms) = preSolution
		Debug|Any CPU = Debug|Any CPU
		Release|Any CPU = Release|Any CPU
	EndGlobalSection
	GlobalSection(ProjectConfigurationPlatforms) = postSolution
		{1D51B755-3900-477E-9A6A-BC73B70515F0}.Debug|Any CPU.ActiveCfg = Debug|Any CPU
		{1D51B755-3900-477E-9A6A-BC73B70515F0}.Debug|Any CPU.Build.0 = Debug|Any CPU
		{1D51B755-3900-477E-9A6A-BC73B70515F0}.Release|Any CPU.ActiveCfg = Release|Any CPU
		{1D51B755-3900-477E-9A6A-BC73B70515F0}.Release|Any CPU.Build.0 = Release|Any CPU
	EndGlobalSection
	GlobalSection(SolutionProperties) = preSolution
		HideSolutionNode = FALSE
	EndGlobalSection
	GlobalSection(ExtensibilityGlobals) = postSolution
		SolutionGuid = {E3473D4E-EB4F-42A6-BAFA-E91DE4922C8B}
	EndGlobalSection
EndGlobal
